// !$*UTF8*$!
{
	archiveVersion = 1;
	classes = {
	};
	objectVersion = 46;
	objects = {

/* Begin PBXBuildFile section */
		47CC8D021E73F40000E43C51 /* SKMultilineLabel.swift in Sources */ = {isa = PBXBuildFile; fileRef = 47CC8D011E73F40000E43C51 /* SKMultilineLabel.swift */; };
		47CC8D541E74462300E43C51 /* LeftWallScene.sks in Resources */ = {isa = PBXBuildFile; fileRef = 47CC8D531E74462300E43C51 /* LeftWallScene.sks */; };
		47CC8D581E75888400E43C51 /* RightWallScene.sks in Resources */ = {isa = PBXBuildFile; fileRef = 47CC8D571E75888400E43C51 /* RightWallScene.sks */; };
		47CC8D5A1E75889500E43C51 /* BackWallScene.sks in Resources */ = {isa = PBXBuildFile; fileRef = 47CC8D591E75889500E43C51 /* BackWallScene.sks */; };
		47CC8D5C1E758F9D00E43C51 /* SafeCloseUp.sks in Resources */ = {isa = PBXBuildFile; fileRef = 47CC8D5B1E758F9D00E43C51 /* SafeCloseUp.sks */; };
		47CC8D5E1E758FB800E43C51 /* SafeCloseUp.swift in Sources */ = {isa = PBXBuildFile; fileRef = 47CC8D5D1E758FB800E43C51 /* SafeCloseUp.swift */; };
		47D878561E6ED7FC007EC0F9 /* AppDelegate.swift in Sources */ = {isa = PBXBuildFile; fileRef = 47D878551E6ED7FC007EC0F9 /* AppDelegate.swift */; };
		47D878581E6ED7FC007EC0F9 /* GameScene.sks in Resources */ = {isa = PBXBuildFile; fileRef = 47D878571E6ED7FC007EC0F9 /* GameScene.sks */; };
		47D8785C1E6ED7FC007EC0F9 /* GameScene.swift in Sources */ = {isa = PBXBuildFile; fileRef = 47D8785B1E6ED7FC007EC0F9 /* GameScene.swift */; };
		47D8785E1E6ED7FC007EC0F9 /* GVC.swift in Sources */ = {isa = PBXBuildFile; fileRef = 47D8785D1E6ED7FC007EC0F9 /* GVC.swift */; };
		47D878611E6ED7FC007EC0F9 /* Main.storyboard in Resources */ = {isa = PBXBuildFile; fileRef = 47D8785F1E6ED7FC007EC0F9 /* Main.storyboard */; };
		47D878631E6ED7FC007EC0F9 /* Assets.xcassets in Resources */ = {isa = PBXBuildFile; fileRef = 47D878621E6ED7FC007EC0F9 /* Assets.xcassets */; };
		47D878661E6ED7FC007EC0F9 /* LaunchScreen.storyboard in Resources */ = {isa = PBXBuildFile; fileRef = 47D878641E6ED7FC007EC0F9 /* LaunchScreen.storyboard */; };
		47D878701E6F2F78007EC0F9 /* Inventory.swift in Sources */ = {isa = PBXBuildFile; fileRef = 47D8786F1E6F2F78007EC0F9 /* Inventory.swift */; };
		47D8787C1E7197ED007EC0F9 /* LeftWallScene.swift in Sources */ = {isa = PBXBuildFile; fileRef = 47D8787B1E7197ED007EC0F9 /* LeftWallScene.swift */; };
		47D8787E1E71BFE6007EC0F9 /* RightWallScene.swift in Sources */ = {isa = PBXBuildFile; fileRef = 47D8787D1E71BFE6007EC0F9 /* RightWallScene.swift */; };
		47D878801E71BFF5007EC0F9 /* BackWallScene.swift in Sources */ = {isa = PBXBuildFile; fileRef = 47D8787F1E71BFF5007EC0F9 /* BackWallScene.swift */; };
		47FA8F221E76EB3E008DF922 /* Snow.sks in Resources */ = {isa = PBXBuildFile; fileRef = 47FA8F211E76EB3E008DF922 /* Snow.sks */; };
		47FA8F241E76EF62008DF922 /* AdventureScene.swift in Sources */ = {isa = PBXBuildFile; fileRef = 47FA8F231E76EF62008DF922 /* AdventureScene.swift */; };
		47FA8F261E772836008DF922 /* ColourSafeCloseUp.sks in Resources */ = {isa = PBXBuildFile; fileRef = 47FA8F251E772836008DF922 /* ColourSafeCloseUp.sks */; };
		47FA8F281E772CE0008DF922 /* Progress.swift in Sources */ = {isa = PBXBuildFile; fileRef = 47FA8F271E772CE0008DF922 /* Progress.swift */; };
		47FA8F2A1E7732FB008DF922 /* ColourSafeCloseUp.swift in Sources */ = {isa = PBXBuildFile; fileRef = 47FA8F291E7732FB008DF922 /* ColourSafeCloseUp.swift */; };
		47FA8F2C1E7733E7008DF922 /* ColourSafeLock.swift in Sources */ = {isa = PBXBuildFile; fileRef = 47FA8F2B1E7733E7008DF922 /* ColourSafeLock.swift */; };
		47FA8F301E775763008DF922 /* spacecoast.mp3 in Resources */ = {isa = PBXBuildFile; fileRef = 47FA8F2F1E775763008DF922 /* spacecoast.mp3 */; };
		47FA8F321E77CDCA008DF922 /* clicksound.mp3 in Resources */ = {isa = PBXBuildFile; fileRef = 47FA8F311E77CDCA008DF922 /* clicksound.mp3 */; };
		47FA8F341E7802AA008DF922 /* FinalScene.sks in Resources */ = {isa = PBXBuildFile; fileRef = 47FA8F331E7802AA008DF922 /* FinalScene.sks */; };
		47FA8F361E781203008DF922 /* FinalScene.swift in Sources */ = {isa = PBXBuildFile; fileRef = 47FA8F351E781203008DF922 /* FinalScene.swift */; };
		47FA8F381E781372008DF922 /* gettingthere.mp3 in Resources */ = {isa = PBXBuildFile; fileRef = 47FA8F371E781372008DF922 /* gettingthere.mp3 */; };
		47FA8F3A1E78354E008DF922 /* IntroScene.sks in Resources */ = {isa = PBXBuildFile; fileRef = 47FA8F391E78354E008DF922 /* IntroScene.sks */; };
		47FA8F3C1E78355D008DF922 /* IntroScene.swift in Sources */ = {isa = PBXBuildFile; fileRef = 47FA8F3B1E78355D008DF922 /* IntroScene.swift */; };
		47FA8F3E1E793997008DF922 /* Sound.swift in Sources */ = {isa = PBXBuildFile; fileRef = 47FA8F3D1E793997008DF922 /* Sound.swift */; };
		47FA8F401E7ABFC4008DF922 /* GoldKey.swift in Sources */ = {isa = PBXBuildFile; fileRef = 47FA8F3F1E7ABFC4008DF922 /* GoldKey.swift */; };
		47FA8F431E7AC003008DF922 /* TealKey.swift in Sources */ = {isa = PBXBuildFile; fileRef = 47FA8F421E7AC003008DF922 /* TealKey.swift */; };
		47FA8F451E7AC017008DF922 /* Ladder.swift in Sources */ = {isa = PBXBuildFile; fileRef = 47FA8F441E7AC017008DF922 /* Ladder.swift */; };
		47FA8F481E7AC0CD008DF922 /* Shelf.swift in Sources */ = {isa = PBXBuildFile; fileRef = 47FA8F471E7AC0CD008DF922 /* Shelf.swift */; };
		47FA8F4A1E7AC0D8008DF922 /* Painting.swift in Sources */ = {isa = PBXBuildFile; fileRef = 47FA8F491E7AC0D8008DF922 /* Painting.swift */; };
		47FA8F4C1E7AC0EE008DF922 /* ColourSafe.swift in Sources */ = {isa = PBXBuildFile; fileRef = 47FA8F4B1E7AC0EE008DF922 /* ColourSafe.swift */; };
		47FA8F4E1E7AC0F8008DF922 /* Right.swift in Sources */ = {isa = PBXBuildFile; fileRef = 47FA8F4D1E7AC0F8008DF922 /* Right.swift */; };
		47FA8F501E7AC103008DF922 /* Left.swift in Sources */ = {isa = PBXBuildFile; fileRef = 47FA8F4F1E7AC103008DF922 /* Left.swift */; };
		47FA8F521E7AC115008DF922 /* WindowBackground.swift in Sources */ = {isa = PBXBuildFile; fileRef = 47FA8F511E7AC115008DF922 /* WindowBackground.swift */; };
		47FA8F541E7AC128008DF922 /* Door.swift in Sources */ = {isa = PBXBuildFile; fileRef = 47FA8F531E7AC128008DF922 /* Door.swift */; };
		47FA8F7B1E7D00F7008DF922 /* GameObject.swift in Sources */ = {isa = PBXBuildFile; fileRef = 47FA8F7A1E7D00F7008DF922 /* GameObject.swift */; };
		47FA8F7E1E7D33A4008DF922 /* Safe.swift in Sources */ = {isa = PBXBuildFile; fileRef = 47FA8F7D1E7D33A4008DF922 /* Safe.swift */; };
		47FA8F801E7D3558008DF922 /* ItalyMap.swift in Sources */ = {isa = PBXBuildFile; fileRef = 47FA8F7F1E7D3558008DF922 /* ItalyMap.swift */; };
		47FA8F821E7D5075008DF922 /* SafeLockTrialError.swift in Sources */ = {isa = PBXBuildFile; fileRef = 47FA8F811E7D5075008DF922 /* SafeLockTrialError.swift */; };
/* End PBXBuildFile section */

/* Begin PBXFileReference section */
		47CC8D011E73F40000E43C51 /* SKMultilineLabel.swift */ = {isa = PBXFileReference; fileEncoding = 4; lastKnownFileType = sourcecode.swift; path = SKMultilineLabel.swift; sourceTree = "<group>"; };
		47CC8D531E74462300E43C51 /* LeftWallScene.sks */ = {isa = PBXFileReference; lastKnownFileType = file.sks; path = LeftWallScene.sks; sourceTree = "<group>"; };
		47CC8D571E75888400E43C51 /* RightWallScene.sks */ = {isa = PBXFileReference; lastKnownFileType = file.sks; path = RightWallScene.sks; sourceTree = "<group>"; };
		47CC8D591E75889500E43C51 /* BackWallScene.sks */ = {isa = PBXFileReference; lastKnownFileType = file.sks; path = BackWallScene.sks; sourceTree = "<group>"; };
		47CC8D5B1E758F9D00E43C51 /* SafeCloseUp.sks */ = {isa = PBXFileReference; lastKnownFileType = file.sks; path = SafeCloseUp.sks; sourceTree = "<group>"; };
		47CC8D5D1E758FB800E43C51 /* SafeCloseUp.swift */ = {isa = PBXFileReference; fileEncoding = 4; lastKnownFileType = sourcecode.swift; path = SafeCloseUp.swift; sourceTree = "<group>"; };
		47D878521E6ED7FC007EC0F9 /* SwiftLabb2.app */ = {isa = PBXFileReference; explicitFileType = wrapper.application; includeInIndex = 0; path = SwiftLabb2.app; sourceTree = BUILT_PRODUCTS_DIR; };
		47D878551E6ED7FC007EC0F9 /* AppDelegate.swift */ = {isa = PBXFileReference; lastKnownFileType = sourcecode.swift; path = AppDelegate.swift; sourceTree = "<group>"; };
		47D878571E6ED7FC007EC0F9 /* GameScene.sks */ = {isa = PBXFileReference; lastKnownFileType = file.sks; path = GameScene.sks; sourceTree = "<group>"; };
		47D8785B1E6ED7FC007EC0F9 /* GameScene.swift */ = {isa = PBXFileReference; lastKnownFileType = sourcecode.swift; path = GameScene.swift; sourceTree = "<group>"; };
		47D8785D1E6ED7FC007EC0F9 /* GVC.swift */ = {isa = PBXFileReference; lastKnownFileType = sourcecode.swift; path = GVC.swift; sourceTree = "<group>"; };
		47D878601E6ED7FC007EC0F9 /* Base */ = {isa = PBXFileReference; lastKnownFileType = file.storyboard; name = Base; path = Base.lproj/Main.storyboard; sourceTree = "<group>"; };
		47D878621E6ED7FC007EC0F9 /* Assets.xcassets */ = {isa = PBXFileReference; lastKnownFileType = folder.assetcatalog; path = Assets.xcassets; sourceTree = "<group>"; };
		47D878651E6ED7FC007EC0F9 /* Base */ = {isa = PBXFileReference; lastKnownFileType = file.storyboard; name = Base; path = Base.lproj/LaunchScreen.storyboard; sourceTree = "<group>"; };
		47D878671E6ED7FC007EC0F9 /* Info.plist */ = {isa = PBXFileReference; lastKnownFileType = text.plist.xml; path = Info.plist; sourceTree = "<group>"; };
		47D8786F1E6F2F78007EC0F9 /* Inventory.swift */ = {isa = PBXFileReference; fileEncoding = 4; lastKnownFileType = sourcecode.swift; path = Inventory.swift; sourceTree = "<group>"; };
		47D8787B1E7197ED007EC0F9 /* LeftWallScene.swift */ = {isa = PBXFileReference; fileEncoding = 4; lastKnownFileType = sourcecode.swift; path = LeftWallScene.swift; sourceTree = "<group>"; };
		47D8787D1E71BFE6007EC0F9 /* RightWallScene.swift */ = {isa = PBXFileReference; fileEncoding = 4; lastKnownFileType = sourcecode.swift; path = RightWallScene.swift; sourceTree = "<group>"; };
		47D8787F1E71BFF5007EC0F9 /* BackWallScene.swift */ = {isa = PBXFileReference; fileEncoding = 4; lastKnownFileType = sourcecode.swift; path = BackWallScene.swift; sourceTree = "<group>"; };
		47FA8F211E76EB3E008DF922 /* Snow.sks */ = {isa = PBXFileReference; lastKnownFileType = file.sks; path = Snow.sks; sourceTree = "<group>"; };
		47FA8F231E76EF62008DF922 /* AdventureScene.swift */ = {isa = PBXFileReference; fileEncoding = 4; lastKnownFileType = sourcecode.swift; path = AdventureScene.swift; sourceTree = "<group>"; };
		47FA8F251E772836008DF922 /* ColourSafeCloseUp.sks */ = {isa = PBXFileReference; lastKnownFileType = file.sks; path = ColourSafeCloseUp.sks; sourceTree = "<group>"; };
		47FA8F271E772CE0008DF922 /* Progress.swift */ = {isa = PBXFileReference; fileEncoding = 4; lastKnownFileType = sourcecode.swift; path = Progress.swift; sourceTree = "<group>"; };
		47FA8F291E7732FB008DF922 /* ColourSafeCloseUp.swift */ = {isa = PBXFileReference; fileEncoding = 4; lastKnownFileType = sourcecode.swift; path = ColourSafeCloseUp.swift; sourceTree = "<group>"; };
		47FA8F2B1E7733E7008DF922 /* ColourSafeLock.swift */ = {isa = PBXFileReference; fileEncoding = 4; lastKnownFileType = sourcecode.swift; path = ColourSafeLock.swift; sourceTree = "<group>"; };
		47FA8F2F1E775763008DF922 /* spacecoast.mp3 */ = {isa = PBXFileReference; lastKnownFileType = audio.mp3; path = spacecoast.mp3; sourceTree = "<group>"; };
		47FA8F311E77CDCA008DF922 /* clicksound.mp3 */ = {isa = PBXFileReference; lastKnownFileType = audio.mp3; path = clicksound.mp3; sourceTree = "<group>"; };
		47FA8F331E7802AA008DF922 /* FinalScene.sks */ = {isa = PBXFileReference; lastKnownFileType = file.sks; path = FinalScene.sks; sourceTree = "<group>"; };
		47FA8F351E781203008DF922 /* FinalScene.swift */ = {isa = PBXFileReference; fileEncoding = 4; lastKnownFileType = sourcecode.swift; path = FinalScene.swift; sourceTree = "<group>"; };
		47FA8F371E781372008DF922 /* gettingthere.mp3 */ = {isa = PBXFileReference; lastKnownFileType = audio.mp3; path = gettingthere.mp3; sourceTree = "<group>"; };
		47FA8F391E78354E008DF922 /* IntroScene.sks */ = {isa = PBXFileReference; lastKnownFileType = file.sks; path = IntroScene.sks; sourceTree = "<group>"; };
		47FA8F3B1E78355D008DF922 /* IntroScene.swift */ = {isa = PBXFileReference; fileEncoding = 4; lastKnownFileType = sourcecode.swift; path = IntroScene.swift; sourceTree = "<group>"; };
		47FA8F3D1E793997008DF922 /* Sound.swift */ = {isa = PBXFileReference; fileEncoding = 4; lastKnownFileType = sourcecode.swift; path = Sound.swift; sourceTree = "<group>"; };
		47FA8F3F1E7ABFC4008DF922 /* GoldKey.swift */ = {isa = PBXFileReference; fileEncoding = 4; lastKnownFileType = sourcecode.swift; path = GoldKey.swift; sourceTree = "<group>"; };
		47FA8F421E7AC003008DF922 /* TealKey.swift */ = {isa = PBXFileReference; fileEncoding = 4; lastKnownFileType = sourcecode.swift; path = TealKey.swift; sourceTree = "<group>"; };
		47FA8F441E7AC017008DF922 /* Ladder.swift */ = {isa = PBXFileReference; fileEncoding = 4; lastKnownFileType = sourcecode.swift; path = Ladder.swift; sourceTree = "<group>"; };
		47FA8F471E7AC0CD008DF922 /* Shelf.swift */ = {isa = PBXFileReference; fileEncoding = 4; lastKnownFileType = sourcecode.swift; path = Shelf.swift; sourceTree = "<group>"; };
		47FA8F491E7AC0D8008DF922 /* Painting.swift */ = {isa = PBXFileReference; fileEncoding = 4; lastKnownFileType = sourcecode.swift; path = Painting.swift; sourceTree = "<group>"; };
		47FA8F4B1E7AC0EE008DF922 /* ColourSafe.swift */ = {isa = PBXFileReference; fileEncoding = 4; lastKnownFileType = sourcecode.swift; path = ColourSafe.swift; sourceTree = "<group>"; };
		47FA8F4D1E7AC0F8008DF922 /* Right.swift */ = {isa = PBXFileReference; fileEncoding = 4; lastKnownFileType = sourcecode.swift; path = Right.swift; sourceTree = "<group>"; };
		47FA8F4F1E7AC103008DF922 /* Left.swift */ = {isa = PBXFileReference; fileEncoding = 4; lastKnownFileType = sourcecode.swift; path = Left.swift; sourceTree = "<group>"; };
		47FA8F511E7AC115008DF922 /* WindowBackground.swift */ = {isa = PBXFileReference; fileEncoding = 4; lastKnownFileType = sourcecode.swift; path = WindowBackground.swift; sourceTree = "<group>"; };
		47FA8F531E7AC128008DF922 /* Door.swift */ = {isa = PBXFileReference; fileEncoding = 4; lastKnownFileType = sourcecode.swift; path = Door.swift; sourceTree = "<group>"; };
		47FA8F7A1E7D00F7008DF922 /* GameObject.swift */ = {isa = PBXFileReference; fileEncoding = 4; lastKnownFileType = sourcecode.swift; path = GameObject.swift; sourceTree = "<group>"; };
		47FA8F7D1E7D33A4008DF922 /* Safe.swift */ = {isa = PBXFileReference; fileEncoding = 4; lastKnownFileType = sourcecode.swift; path = Safe.swift; sourceTree = "<group>"; };
		47FA8F7F1E7D3558008DF922 /* ItalyMap.swift */ = {isa = PBXFileReference; fileEncoding = 4; lastKnownFileType = sourcecode.swift; path = ItalyMap.swift; sourceTree = "<group>"; };
		47FA8F811E7D5075008DF922 /* SafeLockTrialError.swift */ = {isa = PBXFileReference; fileEncoding = 4; lastKnownFileType = sourcecode.swift; path = SafeLockTrialError.swift; sourceTree = "<group>"; };
/* End PBXFileReference section */

/* Begin PBXFrameworksBuildPhase section */
		47D8784F1E6ED7FC007EC0F9 /* Frameworks */ = {
			isa = PBXFrameworksBuildPhase;
			buildActionMask = 2147483647;
			files = (
			);
			runOnlyForDeploymentPostprocessing = 0;
		};
/* End PBXFrameworksBuildPhase section */

/* Begin PBXGroup section */
		47D878491E6ED7FC007EC0F9 = {
			isa = PBXGroup;
			children = (
				47D878541E6ED7FC007EC0F9 /* SwiftLabb2 */,
				47D878531E6ED7FC007EC0F9 /* Products */,
			);
			sourceTree = "<group>";
		};
		47D878531E6ED7FC007EC0F9 /* Products */ = {
			isa = PBXGroup;
			children = (
				47D878521E6ED7FC007EC0F9 /* SwiftLabb2.app */,
			);
			name = Products;
			sourceTree = "<group>";
		};
		47D878541E6ED7FC007EC0F9 /* SwiftLabb2 */ = {
			isa = PBXGroup;
			children = (
				47FA8F551E7AC788008DF922 /* Scenes */,
				47FA8F461E7AC0B5008DF922 /* NonGrabbableObjects */,
				47FA8F411E7ABFCE008DF922 /* GrabbableObjects */,
				47D878551E6ED7FC007EC0F9 /* AppDelegate.swift */,
				47D878621E6ED7FC007EC0F9 /* Assets.xcassets */,
				47FA8F311E77CDCA008DF922 /* clicksound.mp3 */,
				47FA8F2B1E7733E7008DF922 /* ColourSafeLock.swift */,
				47FA8F7A1E7D00F7008DF922 /* GameObject.swift */,
				47D8785D1E6ED7FC007EC0F9 /* GVC.swift */,
				47FA8F371E781372008DF922 /* gettingthere.mp3 */,
				47D878671E6ED7FC007EC0F9 /* Info.plist */,
				47D8786F1E6F2F78007EC0F9 /* Inventory.swift */,
				47D878641E6ED7FC007EC0F9 /* LaunchScreen.storyboard */,
				47D8785F1E6ED7FC007EC0F9 /* Main.storyboard */,
				47FA8F271E772CE0008DF922 /* Progress.swift */,
				47FA8F811E7D5075008DF922 /* SafeLockTrialError.swift */,
				47FA8F3D1E793997008DF922 /* Sound.swift */,
				47CC8D011E73F40000E43C51 /* SKMultilineLabel.swift */,
				47FA8F211E76EB3E008DF922 /* Snow.sks */,
				47FA8F2F1E775763008DF922 /* spacecoast.mp3 */,
			);
			path = SwiftLabb2;
			sourceTree = "<group>";
		};
		47FA8F411E7ABFCE008DF922 /* GrabbableObjects */ = {
			isa = PBXGroup;
			children = (
				47FA8F3F1E7ABFC4008DF922 /* GoldKey.swift */,
				47FA8F441E7AC017008DF922 /* Ladder.swift */,
				47FA8F421E7AC003008DF922 /* TealKey.swift */,
			);
			name = GrabbableObjects;
			sourceTree = "<group>";
		};
		47FA8F461E7AC0B5008DF922 /* NonGrabbableObjects */ = {
			isa = PBXGroup;
			children = (
				47FA8F4B1E7AC0EE008DF922 /* ColourSafe.swift */,
				47FA8F531E7AC128008DF922 /* Door.swift */,
				47FA8F7F1E7D3558008DF922 /* ItalyMap.swift */,
				47FA8F4F1E7AC103008DF922 /* Left.swift */,
				47FA8F491E7AC0D8008DF922 /* Painting.swift */,
				47FA8F4D1E7AC0F8008DF922 /* Right.swift */,
				47FA8F7D1E7D33A4008DF922 /* Safe.swift */,
				47FA8F471E7AC0CD008DF922 /* Shelf.swift */,
				47FA8F511E7AC115008DF922 /* WindowBackground.swift */,
			);
			name = NonGrabbableObjects;
			sourceTree = "<group>";
		};
		47FA8F551E7AC788008DF922 /* Scenes */ = {
			isa = PBXGroup;
			children = (
				47FA8F231E76EF62008DF922 /* AdventureScene.swift */,
				47CC8D591E75889500E43C51 /* BackWallScene.sks */,
				47D8787F1E71BFF5007EC0F9 /* BackWallScene.swift */,
				47FA8F251E772836008DF922 /* ColourSafeCloseUp.sks */,
				47FA8F291E7732FB008DF922 /* ColourSafeCloseUp.swift */,
				47FA8F331E7802AA008DF922 /* FinalScene.sks */,
				47FA8F351E781203008DF922 /* FinalScene.swift */,
				47D878571E6ED7FC007EC0F9 /* GameScene.sks */,
				47D8785B1E6ED7FC007EC0F9 /* GameScene.swift */,
				47FA8F391E78354E008DF922 /* IntroScene.sks */,
				47FA8F3B1E78355D008DF922 /* IntroScene.swift */,
				47CC8D531E74462300E43C51 /* LeftWallScene.sks */,
				47D8787B1E7197ED007EC0F9 /* LeftWallScene.swift */,
				47CC8D571E75888400E43C51 /* RightWallScene.sks */,
				47D8787D1E71BFE6007EC0F9 /* RightWallScene.swift */,
				47CC8D5B1E758F9D00E43C51 /* SafeCloseUp.sks */,
				47CC8D5D1E758FB800E43C51 /* SafeCloseUp.swift */,
			);
			name = Scenes;
			sourceTree = "<group>";
		};
/* End PBXGroup section */

/* Begin PBXNativeTarget section */
		47D878511E6ED7FC007EC0F9 /* SwiftLabb2 */ = {
			isa = PBXNativeTarget;
			buildConfigurationList = 47D8786A1E6ED7FC007EC0F9 /* Build configuration list for PBXNativeTarget "SwiftLabb2" */;
			buildPhases = (
				47D8784E1E6ED7FC007EC0F9 /* Sources */,
				47D8784F1E6ED7FC007EC0F9 /* Frameworks */,
				47D878501E6ED7FC007EC0F9 /* Resources */,
			);
			buildRules = (
			);
			dependencies = (
			);
			name = SwiftLabb2;
			productName = SwiftLabb2;
			productReference = 47D878521E6ED7FC007EC0F9 /* SwiftLabb2.app */;
			productType = "com.apple.product-type.application";
		};
/* End PBXNativeTarget section */

/* Begin PBXProject section */
		47D8784A1E6ED7FC007EC0F9 /* Project object */ = {
			isa = PBXProject;
			attributes = {
				LastSwiftUpdateCheck = 0820;
				LastUpgradeCheck = 0820;
				ORGANIZATIONNAME = "Åsa Kwarnmark";
				TargetAttributes = {
					47D878511E6ED7FC007EC0F9 = {
						CreatedOnToolsVersion = 8.2.1;
						ProvisioningStyle = Automatic;
					};
				};
			};
			buildConfigurationList = 47D8784D1E6ED7FC007EC0F9 /* Build configuration list for PBXProject "SwiftLabb2" */;
			compatibilityVersion = "Xcode 3.2";
			developmentRegion = English;
			hasScannedForEncodings = 0;
			knownRegions = (
				en,
				Base,
			);
			mainGroup = 47D878491E6ED7FC007EC0F9;
			productRefGroup = 47D878531E6ED7FC007EC0F9 /* Products */;
			projectDirPath = "";
			projectRoot = "";
			targets = (
				47D878511E6ED7FC007EC0F9 /* SwiftLabb2 */,
			);
		};
/* End PBXProject section */

/* Begin PBXResourcesBuildPhase section */
		47D878501E6ED7FC007EC0F9 /* Resources */ = {
			isa = PBXResourcesBuildPhase;
			buildActionMask = 2147483647;
			files = (
				47FA8F381E781372008DF922 /* gettingthere.mp3 in Resources */,
				47FA8F321E77CDCA008DF922 /* clicksound.mp3 in Resources */,
				47D878611E6ED7FC007EC0F9 /* Main.storyboard in Resources */,
				47CC8D541E74462300E43C51 /* LeftWallScene.sks in Resources */,
				47FA8F301E775763008DF922 /* spacecoast.mp3 in Resources */,
				47FA8F221E76EB3E008DF922 /* Snow.sks in Resources */,
				47CC8D5C1E758F9D00E43C51 /* SafeCloseUp.sks in Resources */,
				47FA8F3A1E78354E008DF922 /* IntroScene.sks in Resources */,
				47D878581E6ED7FC007EC0F9 /* GameScene.sks in Resources */,
				47FA8F341E7802AA008DF922 /* FinalScene.sks in Resources */,
				47D878631E6ED7FC007EC0F9 /* Assets.xcassets in Resources */,
				47CC8D581E75888400E43C51 /* RightWallScene.sks in Resources */,
				47CC8D5A1E75889500E43C51 /* BackWallScene.sks in Resources */,
				47D878661E6ED7FC007EC0F9 /* LaunchScreen.storyboard in Resources */,
				47FA8F261E772836008DF922 /* ColourSafeCloseUp.sks in Resources */,
			);
			runOnlyForDeploymentPostprocessing = 0;
		};
/* End PBXResourcesBuildPhase section */

/* Begin PBXSourcesBuildPhase section */
		47D8784E1E6ED7FC007EC0F9 /* Sources */ = {
			isa = PBXSourcesBuildPhase;
			buildActionMask = 2147483647;
			files = (
				47FA8F501E7AC103008DF922 /* Left.swift in Sources */,
				47FA8F821E7D5075008DF922 /* SafeLockTrialError.swift in Sources */,
				47FA8F481E7AC0CD008DF922 /* Shelf.swift in Sources */,
				47FA8F3E1E793997008DF922 /* Sound.swift in Sources */,
				47D8785C1E6ED7FC007EC0F9 /* GameScene.swift in Sources */,
				47FA8F7B1E7D00F7008DF922 /* GameObject.swift in Sources */,
				47CC8D021E73F40000E43C51 /* SKMultilineLabel.swift in Sources */,
				47FA8F401E7ABFC4008DF922 /* GoldKey.swift in Sources */,
				47CC8D5E1E758FB800E43C51 /* SafeCloseUp.swift in Sources */,
				47FA8F241E76EF62008DF922 /* AdventureScene.swift in Sources */,
				47FA8F521E7AC115008DF922 /* WindowBackground.swift in Sources */,
				47D8787E1E71BFE6007EC0F9 /* RightWallScene.swift in Sources */,
				47FA8F281E772CE0008DF922 /* Progress.swift in Sources */,
				47FA8F2A1E7732FB008DF922 /* ColourSafeCloseUp.swift in Sources */,
				47FA8F361E781203008DF922 /* FinalScene.swift in Sources */,
				47FA8F4A1E7AC0D8008DF922 /* Painting.swift in Sources */,
				47FA8F2C1E7733E7008DF922 /* ColourSafeLock.swift in Sources */,
				47D878701E6F2F78007EC0F9 /* Inventory.swift in Sources */,
				47FA8F4C1E7AC0EE008DF922 /* ColourSafe.swift in Sources */,
				47FA8F4E1E7AC0F8008DF922 /* Right.swift in Sources */,
				47FA8F801E7D3558008DF922 /* ItalyMap.swift in Sources */,
				47FA8F3C1E78355D008DF922 /* IntroScene.swift in Sources */,
				47FA8F541E7AC128008DF922 /* Door.swift in Sources */,
				47D8785E1E6ED7FC007EC0F9 /* GVC.swift in Sources */,
				47D878801E71BFF5007EC0F9 /* BackWallScene.swift in Sources */,
				47D878561E6ED7FC007EC0F9 /* AppDelegate.swift in Sources */,
				47D8787C1E7197ED007EC0F9 /* LeftWallScene.swift in Sources */,
				47FA8F431E7AC003008DF922 /* TealKey.swift in Sources */,
				47FA8F7E1E7D33A4008DF922 /* Safe.swift in Sources */,
				47FA8F451E7AC017008DF922 /* Ladder.swift in Sources */,
			);
			runOnlyForDeploymentPostprocessing = 0;
		};
/* End PBXSourcesBuildPhase section */

/* Begin PBXVariantGroup section */
		47D8785F1E6ED7FC007EC0F9 /* Main.storyboard */ = {
			isa = PBXVariantGroup;
			children = (
				47D878601E6ED7FC007EC0F9 /* Base */,
			);
			name = Main.storyboard;
			sourceTree = "<group>";
		};
		47D878641E6ED7FC007EC0F9 /* LaunchScreen.storyboard */ = {
			isa = PBXVariantGroup;
			children = (
				47D878651E6ED7FC007EC0F9 /* Base */,
			);
			name = LaunchScreen.storyboard;
			sourceTree = "<group>";
		};
/* End PBXVariantGroup section */

/* Begin XCBuildConfiguration section */
		47D878681E6ED7FC007EC0F9 /* Debug */ = {
			isa = XCBuildConfiguration;
			buildSettings = {
				ALWAYS_SEARCH_USER_PATHS = NO;
				CLANG_ANALYZER_NONNULL = YES;
				CLANG_CXX_LANGUAGE_STANDARD = "gnu++0x";
				CLANG_CXX_LIBRARY = "libc++";
				CLANG_ENABLE_MODULES = YES;
				CLANG_ENABLE_OBJC_ARC = YES;
				CLANG_WARN_BOOL_CONVERSION = YES;
				CLANG_WARN_CONSTANT_CONVERSION = YES;
				CLANG_WARN_DIRECT_OBJC_ISA_USAGE = YES_ERROR;
				CLANG_WARN_DOCUMENTATION_COMMENTS = YES;
				CLANG_WARN_EMPTY_BODY = YES;
				CLANG_WARN_ENUM_CONVERSION = YES;
				CLANG_WARN_INFINITE_RECURSION = YES;
				CLANG_WARN_INT_CONVERSION = YES;
				CLANG_WARN_OBJC_ROOT_CLASS = YES_ERROR;
				CLANG_WARN_SUSPICIOUS_MOVE = YES;
				CLANG_WARN_UNREACHABLE_CODE = YES;
				CLANG_WARN__DUPLICATE_METHOD_MATCH = YES;
				"CODE_SIGN_IDENTITY[sdk=iphoneos*]" = "iPhone Developer";
				COPY_PHASE_STRIP = NO;
				DEBUG_INFORMATION_FORMAT = dwarf;
				ENABLE_STRICT_OBJC_MSGSEND = YES;
				ENABLE_TESTABILITY = YES;
				GCC_C_LANGUAGE_STANDARD = gnu99;
				GCC_DYNAMIC_NO_PIC = NO;
				GCC_NO_COMMON_BLOCKS = YES;
				GCC_OPTIMIZATION_LEVEL = 0;
				GCC_PREPROCESSOR_DEFINITIONS = (
					"DEBUG=1",
					"$(inherited)",
				);
				GCC_WARN_64_TO_32_BIT_CONVERSION = YES;
				GCC_WARN_ABOUT_RETURN_TYPE = YES_ERROR;
				GCC_WARN_UNDECLARED_SELECTOR = YES;
				GCC_WARN_UNINITIALIZED_AUTOS = YES_AGGRESSIVE;
				GCC_WARN_UNUSED_FUNCTION = YES;
				GCC_WARN_UNUSED_VARIABLE = YES;
				IPHONEOS_DEPLOYMENT_TARGET = 10.2;
				MTL_ENABLE_DEBUG_INFO = YES;
				ONLY_ACTIVE_ARCH = YES;
				SDKROOT = iphoneos;
				SWIFT_ACTIVE_COMPILATION_CONDITIONS = DEBUG;
				SWIFT_OPTIMIZATION_LEVEL = "-Onone";
			};
			name = Debug;
		};
		47D878691E6ED7FC007EC0F9 /* Release */ = {
			isa = XCBuildConfiguration;
			buildSettings = {
				ALWAYS_SEARCH_USER_PATHS = NO;
				CLANG_ANALYZER_NONNULL = YES;
				CLANG_CXX_LANGUAGE_STANDARD = "gnu++0x";
				CLANG_CXX_LIBRARY = "libc++";
				CLANG_ENABLE_MODULES = YES;
				CLANG_ENABLE_OBJC_ARC = YES;
				CLANG_WARN_BOOL_CONVERSION = YES;
				CLANG_WARN_CONSTANT_CONVERSION = YES;
				CLANG_WARN_DIRECT_OBJC_ISA_USAGE = YES_ERROR;
				CLANG_WARN_DOCUMENTATION_COMMENTS = YES;
				CLANG_WARN_EMPTY_BODY = YES;
				CLANG_WARN_ENUM_CONVERSION = YES;
				CLANG_WARN_INFINITE_RECURSION = YES;
				CLANG_WARN_INT_CONVERSION = YES;
				CLANG_WARN_OBJC_ROOT_CLASS = YES_ERROR;
				CLANG_WARN_SUSPICIOUS_MOVE = YES;
				CLANG_WARN_UNREACHABLE_CODE = YES;
				CLANG_WARN__DUPLICATE_METHOD_MATCH = YES;
				"CODE_SIGN_IDENTITY[sdk=iphoneos*]" = "iPhone Developer";
				COPY_PHASE_STRIP = NO;
				DEBUG_INFORMATION_FORMAT = "dwarf-with-dsym";
				ENABLE_NS_ASSERTIONS = NO;
				ENABLE_STRICT_OBJC_MSGSEND = YES;
				GCC_C_LANGUAGE_STANDARD = gnu99;
				GCC_NO_COMMON_BLOCKS = YES;
				GCC_WARN_64_TO_32_BIT_CONVERSION = YES;
				GCC_WARN_ABOUT_RETURN_TYPE = YES_ERROR;
				GCC_WARN_UNDECLARED_SELECTOR = YES;
				GCC_WARN_UNINITIALIZED_AUTOS = YES_AGGRESSIVE;
				GCC_WARN_UNUSED_FUNCTION = YES;
				GCC_WARN_UNUSED_VARIABLE = YES;
				IPHONEOS_DEPLOYMENT_TARGET = 10.2;
				MTL_ENABLE_DEBUG_INFO = NO;
				SDKROOT = iphoneos;
				SWIFT_OPTIMIZATION_LEVEL = "-Owholemodule";
				VALIDATE_PRODUCT = YES;
			};
			name = Release;
		};
		47D8786B1E6ED7FC007EC0F9 /* Debug */ = {
			isa = XCBuildConfiguration;
			buildSettings = {
				ASSETCATALOG_COMPILER_APPICON_NAME = AppIcon;
				INFOPLIST_FILE = SwiftLabb2/Info.plist;
				LD_RUNPATH_SEARCH_PATHS = "$(inherited) @executable_path/Frameworks";
				PRODUCT_BUNDLE_IDENTIFIER = de.polkagris.SwiftLabb2;
				PRODUCT_NAME = "$(TARGET_NAME)";
				SWIFT_VERSION = 3.0;
			};
			name = Debug;
		};
		47D8786C1E6ED7FC007EC0F9 /* Release */ = {
			isa = XCBuildConfiguration;
			buildSettings = {
				ASSETCATALOG_COMPILER_APPICON_NAME = AppIcon;
				INFOPLIST_FILE = SwiftLabb2/Info.plist;
				LD_RUNPATH_SEARCH_PATHS = "$(inherited) @executable_path/Frameworks";
				PRODUCT_BUNDLE_IDENTIFIER = de.polkagris.SwiftLabb2;
				PRODUCT_NAME = "$(TARGET_NAME)";
				SWIFT_VERSION = 3.0;
			};
			name = Release;
		};
/* End XCBuildConfiguration section */

/* Begin XCConfigurationList section */
		47D8784D1E6ED7FC007EC0F9 /* Build configuration list for PBXProject "SwiftLabb2" */ = {
			isa = XCConfigurationList;
			buildConfigurations = (
				47D878681E6ED7FC007EC0F9 /* Debug */,
				47D878691E6ED7FC007EC0F9 /* Release */,
			);
			defaultConfigurationIsVisible = 0;
			defaultConfigurationName = Release;
		};
		47D8786A1E6ED7FC007EC0F9 /* Build configuration list for PBXNativeTarget "SwiftLabb2" */ = {
			isa = XCConfigurationList;
			buildConfigurations = (
				47D8786B1E6ED7FC007EC0F9 /* Debug */,
				47D8786C1E6ED7FC007EC0F9 /* Release */,
			);
			defaultConfigurationIsVisible = 0;
			defaultConfigurationName = Release;
		};
/* End XCConfigurationList section */
	};
	rootObject = 47D8784A1E6ED7FC007EC0F9 /* Project object */;
}
